// !$*UTF8*$!
{
	archiveVersion = 1;
	classes = {
	};
	objectVersion = 50;
	objects = {

/* Begin PBXBuildFile section */
		11A1767926E32C5C00DB2980 /* AppDelegate.swift in Sources */ = {isa = PBXBuildFile; fileRef = 11A1767826E32C5C00DB2980 /* AppDelegate.swift */; };
		11A1767B26E32C5C00DB2980 /* SceneDelegate.swift in Sources */ = {isa = PBXBuildFile; fileRef = 11A1767A26E32C5C00DB2980 /* SceneDelegate.swift */; };
		11A1768026E32C5C00DB2980 /* Main.storyboard in Resources */ = {isa = PBXBuildFile; fileRef = 11A1767E26E32C5C00DB2980 /* Main.storyboard */; };
		11A1768226E32C5E00DB2980 /* Assets.xcassets in Resources */ = {isa = PBXBuildFile; fileRef = 11A1768126E32C5E00DB2980 /* Assets.xcassets */; };
		11A1768526E32C5E00DB2980 /* LaunchScreen.storyboard in Resources */ = {isa = PBXBuildFile; fileRef = 11A1768326E32C5E00DB2980 /* LaunchScreen.storyboard */; };
		11A176C426E33E0100DB2980 /* SelfSizingTableView.swift in Sources */ = {isa = PBXBuildFile; fileRef = 11A176C326E33E0100DB2980 /* SelfSizingTableView.swift */; };
		11A176D226E34A3200DB2980 /* UITableView+Extension.swift in Sources */ = {isa = PBXBuildFile; fileRef = 11A176D126E34A3200DB2980 /* UITableView+Extension.swift */; };
		11A176D526E34A4B00DB2980 /* NSObject+Extension.swift in Sources */ = {isa = PBXBuildFile; fileRef = 11A176D426E34A4B00DB2980 /* NSObject+Extension.swift */; };
		11A176F426E3594B00DB2980 /* AccountModel.swift in Sources */ = {isa = PBXBuildFile; fileRef = 11A176F326E3594B00DB2980 /* AccountModel.swift */; };
		11A1772726E8D41000DB2980 /* CollectionViewController.swift in Sources */ = {isa = PBXBuildFile; fileRef = 11A1772526E8D41000DB2980 /* CollectionViewController.swift */; };
		11A1772D26E8D47B00DB2980 /* CollectionViewModel.swift in Sources */ = {isa = PBXBuildFile; fileRef = 11A1772C26E8D47B00DB2980 /* CollectionViewModel.swift */; };
		11A1773026E8D49200DB2980 /* CollectionConfigurator.swift in Sources */ = {isa = PBXBuildFile; fileRef = 11A1772F26E8D49200DB2980 /* CollectionConfigurator.swift */; };
		11A1773326E8D63100DB2980 /* UICollectionView+Extension.swift in Sources */ = {isa = PBXBuildFile; fileRef = 11A1773226E8D63100DB2980 /* UICollectionView+Extension.swift */; };
		11A1773F26E8D89F00DB2980 /* HScrollAccountCardCollectionViewCell.swift in Sources */ = {isa = PBXBuildFile; fileRef = 11A1773D26E8D89F00DB2980 /* HScrollAccountCardCollectionViewCell.swift */; };
		11A1774026E8D89F00DB2980 /* HScrollAccountCardCollectionViewCell.xib in Resources */ = {isa = PBXBuildFile; fileRef = 11A1773E26E8D89F00DB2980 /* HScrollAccountCardCollectionViewCell.xib */; };
		11A1774526E8D9B800DB2980 /* AccountCardCollectionViewCell.swift in Sources */ = {isa = PBXBuildFile; fileRef = 11A1774326E8D9B800DB2980 /* AccountCardCollectionViewCell.swift */; };
		11A1774626E8D9B800DB2980 /* AccountCardCollectionViewCell.xib in Resources */ = {isa = PBXBuildFile; fileRef = 11A1774426E8D9B800DB2980 /* AccountCardCollectionViewCell.xib */; };
		11A1774F26E8E16400DB2980 /* AccountHeaderCollectionReusableView.swift in Sources */ = {isa = PBXBuildFile; fileRef = 11A1774D26E8E16400DB2980 /* AccountHeaderCollectionReusableView.swift */; };
		11A1775026E8E16400DB2980 /* AccountHeaderCollectionReusableView.xib in Resources */ = {isa = PBXBuildFile; fileRef = 11A1774E26E8E16400DB2980 /* AccountHeaderCollectionReusableView.xib */; };
		11A1775C26EC7FF800DB2980 /* TileCollectionViewCell.swift in Sources */ = {isa = PBXBuildFile; fileRef = 11A1775A26EC7FF800DB2980 /* TileCollectionViewCell.swift */; };
		11A1775D26EC7FF800DB2980 /* TileCollectionViewCell.xib in Resources */ = {isa = PBXBuildFile; fileRef = 11A1775B26EC7FF800DB2980 /* TileCollectionViewCell.xib */; };
		11A1776226EC8F1800DB2980 /* GridCollectionViewCell.swift in Sources */ = {isa = PBXBuildFile; fileRef = 11A1776026EC8F1800DB2980 /* GridCollectionViewCell.swift */; };
		11A1776326EC8F1800DB2980 /* GridCollectionViewCell.xib in Resources */ = {isa = PBXBuildFile; fileRef = 11A1776126EC8F1800DB2980 /* GridCollectionViewCell.xib */; };
		11A1777126F23A0900DB2980 /* SectionConfigurator.swift in Sources */ = {isa = PBXBuildFile; fileRef = 11A1777026F23A0900DB2980 /* SectionConfigurator.swift */; };
		11A1777426F23A2700DB2980 /* CellConfigurator.swift in Sources */ = {isa = PBXBuildFile; fileRef = 11A1777326F23A2700DB2980 /* CellConfigurator.swift */; };
		11A1777726F23A7E00DB2980 /* ReusableViewConfigurator.swift in Sources */ = {isa = PBXBuildFile; fileRef = 11A1777626F23A7E00DB2980 /* ReusableViewConfigurator.swift */; };
		11A1777B26F23AD300DB2980 /* AccountSectionConfigurator.swift in Sources */ = {isa = PBXBuildFile; fileRef = 11A1777A26F23AD300DB2980 /* AccountSectionConfigurator.swift */; };
		11A1777F26F23B8000DB2980 /* TileSectionConfigurator.swift in Sources */ = {isa = PBXBuildFile; fileRef = 11A1777E26F23B8000DB2980 /* TileSectionConfigurator.swift */; };
		11A1778226F23BA600DB2980 /* GridSectionConfigurator.swift in Sources */ = {isa = PBXBuildFile; fileRef = 11A1778126F23BA600DB2980 /* GridSectionConfigurator.swift */; };
		11B397E326F4B1500077E08A /* HScrollAccountCardCellConfigurator.swift in Sources */ = {isa = PBXBuildFile; fileRef = 11B397E226F4B1500077E08A /* HScrollAccountCardCellConfigurator.swift */; };
		11B397E726F4B1680077E08A /* TileCellConfigurator.swift in Sources */ = {isa = PBXBuildFile; fileRef = 11B397E626F4B1680077E08A /* TileCellConfigurator.swift */; };
		11B397EA26F4B1790077E08A /* TileImageCellConfigurator.swift in Sources */ = {isa = PBXBuildFile; fileRef = 11B397E926F4B1790077E08A /* TileImageCellConfigurator.swift */; };
		11B397ED26F4B18B0077E08A /* GridCellConfigurator.swift in Sources */ = {isa = PBXBuildFile; fileRef = 11B397EC26F4B18B0077E08A /* GridCellConfigurator.swift */; };
		11B397F126F4B1AC0077E08A /* TitleHeaderReusableViewConfigurator.swift in Sources */ = {isa = PBXBuildFile; fileRef = 11B397F026F4B1AC0077E08A /* TitleHeaderReusableViewConfigurator.swift */; };
		11B397F526F4B1EF0077E08A /* TileImageCollectionViewCell.swift in Sources */ = {isa = PBXBuildFile; fileRef = 11B397F326F4B1EF0077E08A /* TileImageCollectionViewCell.swift */; };
		11B397F626F4B1EF0077E08A /* TileImageCollectionViewCell.xib in Resources */ = {isa = PBXBuildFile; fileRef = 11B397F426F4B1EF0077E08A /* TileImageCollectionViewCell.xib */; };
		11B397FE26F4B5540077E08A /* ConfiguratorViewModelType.swift in Sources */ = {isa = PBXBuildFile; fileRef = 11B397FD26F4B5540077E08A /* ConfiguratorViewModelType.swift */; };
/* End PBXBuildFile section */

/* Begin PBXFileReference section */
		11A1767526E32C5C00DB2980 /* MultipleCellLayout.app */ = {isa = PBXFileReference; explicitFileType = wrapper.application; includeInIndex = 0; path = MultipleCellLayout.app; sourceTree = BUILT_PRODUCTS_DIR; };
		11A1767826E32C5C00DB2980 /* AppDelegate.swift */ = {isa = PBXFileReference; lastKnownFileType = sourcecode.swift; path = AppDelegate.swift; sourceTree = "<group>"; };
		11A1767A26E32C5C00DB2980 /* SceneDelegate.swift */ = {isa = PBXFileReference; lastKnownFileType = sourcecode.swift; path = SceneDelegate.swift; sourceTree = "<group>"; };
		11A1767F26E32C5C00DB2980 /* Base */ = {isa = PBXFileReference; lastKnownFileType = file.storyboard; name = Base; path = Base.lproj/Main.storyboard; sourceTree = "<group>"; };
		11A1768126E32C5E00DB2980 /* Assets.xcassets */ = {isa = PBXFileReference; lastKnownFileType = folder.assetcatalog; path = Assets.xcassets; sourceTree = "<group>"; };
		11A1768426E32C5E00DB2980 /* Base */ = {isa = PBXFileReference; lastKnownFileType = file.storyboard; name = Base; path = Base.lproj/LaunchScreen.storyboard; sourceTree = "<group>"; };
		11A176B026E3312100DB2980 /* Info.plist */ = {isa = PBXFileReference; fileEncoding = 4; lastKnownFileType = text.plist.xml; path = Info.plist; sourceTree = "<group>"; };
		11A176C326E33E0100DB2980 /* SelfSizingTableView.swift */ = {isa = PBXFileReference; lastKnownFileType = sourcecode.swift; path = SelfSizingTableView.swift; sourceTree = "<group>"; };
		11A176D126E34A3200DB2980 /* UITableView+Extension.swift */ = {isa = PBXFileReference; lastKnownFileType = sourcecode.swift; path = "UITableView+Extension.swift"; sourceTree = "<group>"; };
		11A176D426E34A4B00DB2980 /* NSObject+Extension.swift */ = {isa = PBXFileReference; lastKnownFileType = sourcecode.swift; path = "NSObject+Extension.swift"; sourceTree = "<group>"; };
		11A176F326E3594B00DB2980 /* AccountModel.swift */ = {isa = PBXFileReference; lastKnownFileType = sourcecode.swift; path = AccountModel.swift; sourceTree = "<group>"; };
		11A1772526E8D41000DB2980 /* CollectionViewController.swift */ = {isa = PBXFileReference; lastKnownFileType = sourcecode.swift; path = CollectionViewController.swift; sourceTree = "<group>"; };
		11A1772C26E8D47B00DB2980 /* CollectionViewModel.swift */ = {isa = PBXFileReference; lastKnownFileType = sourcecode.swift; path = CollectionViewModel.swift; sourceTree = "<group>"; };
		11A1772F26E8D49200DB2980 /* CollectionConfigurator.swift */ = {isa = PBXFileReference; lastKnownFileType = sourcecode.swift; path = CollectionConfigurator.swift; sourceTree = "<group>"; };
		11A1773226E8D63100DB2980 /* UICollectionView+Extension.swift */ = {isa = PBXFileReference; lastKnownFileType = sourcecode.swift; path = "UICollectionView+Extension.swift"; sourceTree = "<group>"; };
		11A1773D26E8D89F00DB2980 /* HScrollAccountCardCollectionViewCell.swift */ = {isa = PBXFileReference; lastKnownFileType = sourcecode.swift; path = HScrollAccountCardCollectionViewCell.swift; sourceTree = "<group>"; };
		11A1773E26E8D89F00DB2980 /* HScrollAccountCardCollectionViewCell.xib */ = {isa = PBXFileReference; lastKnownFileType = file.xib; path = HScrollAccountCardCollectionViewCell.xib; sourceTree = "<group>"; };
		11A1774326E8D9B800DB2980 /* AccountCardCollectionViewCell.swift */ = {isa = PBXFileReference; lastKnownFileType = sourcecode.swift; path = AccountCardCollectionViewCell.swift; sourceTree = "<group>"; };
		11A1774426E8D9B800DB2980 /* AccountCardCollectionViewCell.xib */ = {isa = PBXFileReference; lastKnownFileType = file.xib; path = AccountCardCollectionViewCell.xib; sourceTree = "<group>"; };
		11A1774D26E8E16400DB2980 /* AccountHeaderCollectionReusableView.swift */ = {isa = PBXFileReference; lastKnownFileType = sourcecode.swift; path = AccountHeaderCollectionReusableView.swift; sourceTree = "<group>"; };
		11A1774E26E8E16400DB2980 /* AccountHeaderCollectionReusableView.xib */ = {isa = PBXFileReference; lastKnownFileType = file.xib; path = AccountHeaderCollectionReusableView.xib; sourceTree = "<group>"; };
		11A1775A26EC7FF800DB2980 /* TileCollectionViewCell.swift */ = {isa = PBXFileReference; lastKnownFileType = sourcecode.swift; path = TileCollectionViewCell.swift; sourceTree = "<group>"; };
		11A1775B26EC7FF800DB2980 /* TileCollectionViewCell.xib */ = {isa = PBXFileReference; lastKnownFileType = file.xib; path = TileCollectionViewCell.xib; sourceTree = "<group>"; };
		11A1776026EC8F1800DB2980 /* GridCollectionViewCell.swift */ = {isa = PBXFileReference; lastKnownFileType = sourcecode.swift; path = GridCollectionViewCell.swift; sourceTree = "<group>"; };
		11A1776126EC8F1800DB2980 /* GridCollectionViewCell.xib */ = {isa = PBXFileReference; lastKnownFileType = file.xib; path = GridCollectionViewCell.xib; sourceTree = "<group>"; };
		11A1777026F23A0900DB2980 /* SectionConfigurator.swift */ = {isa = PBXFileReference; lastKnownFileType = sourcecode.swift; path = SectionConfigurator.swift; sourceTree = "<group>"; };
		11A1777326F23A2700DB2980 /* CellConfigurator.swift */ = {isa = PBXFileReference; lastKnownFileType = sourcecode.swift; path = CellConfigurator.swift; sourceTree = "<group>"; };
		11A1777626F23A7E00DB2980 /* ReusableViewConfigurator.swift */ = {isa = PBXFileReference; lastKnownFileType = sourcecode.swift; path = ReusableViewConfigurator.swift; sourceTree = "<group>"; };
		11A1777A26F23AD300DB2980 /* AccountSectionConfigurator.swift */ = {isa = PBXFileReference; lastKnownFileType = sourcecode.swift; path = AccountSectionConfigurator.swift; sourceTree = "<group>"; };
		11A1777E26F23B8000DB2980 /* TileSectionConfigurator.swift */ = {isa = PBXFileReference; lastKnownFileType = sourcecode.swift; path = TileSectionConfigurator.swift; sourceTree = "<group>"; };
		11A1778126F23BA600DB2980 /* GridSectionConfigurator.swift */ = {isa = PBXFileReference; lastKnownFileType = sourcecode.swift; path = GridSectionConfigurator.swift; sourceTree = "<group>"; };
		11B397E226F4B1500077E08A /* HScrollAccountCardCellConfigurator.swift */ = {isa = PBXFileReference; lastKnownFileType = sourcecode.swift; path = HScrollAccountCardCellConfigurator.swift; sourceTree = "<group>"; };
		11B397E626F4B1680077E08A /* TileCellConfigurator.swift */ = {isa = PBXFileReference; lastKnownFileType = sourcecode.swift; path = TileCellConfigurator.swift; sourceTree = "<group>"; };
		11B397E926F4B1790077E08A /* TileImageCellConfigurator.swift */ = {isa = PBXFileReference; lastKnownFileType = sourcecode.swift; path = TileImageCellConfigurator.swift; sourceTree = "<group>"; };
		11B397EC26F4B18B0077E08A /* GridCellConfigurator.swift */ = {isa = PBXFileReference; lastKnownFileType = sourcecode.swift; path = GridCellConfigurator.swift; sourceTree = "<group>"; };
		11B397F026F4B1AC0077E08A /* TitleHeaderReusableViewConfigurator.swift */ = {isa = PBXFileReference; lastKnownFileType = sourcecode.swift; path = TitleHeaderReusableViewConfigurator.swift; sourceTree = "<group>"; };
		11B397F326F4B1EF0077E08A /* TileImageCollectionViewCell.swift */ = {isa = PBXFileReference; lastKnownFileType = sourcecode.swift; path = TileImageCollectionViewCell.swift; sourceTree = "<group>"; };
		11B397F426F4B1EF0077E08A /* TileImageCollectionViewCell.xib */ = {isa = PBXFileReference; lastKnownFileType = file.xib; path = TileImageCollectionViewCell.xib; sourceTree = "<group>"; };
		11B397FD26F4B5540077E08A /* ConfiguratorViewModelType.swift */ = {isa = PBXFileReference; lastKnownFileType = sourcecode.swift; path = ConfiguratorViewModelType.swift; sourceTree = "<group>"; };
/* End PBXFileReference section */

/* Begin PBXFrameworksBuildPhase section */
		11A1767226E32C5C00DB2980 /* Frameworks */ = {
			isa = PBXFrameworksBuildPhase;
			buildActionMask = 2147483647;
			files = (
			);
			runOnlyForDeploymentPostprocessing = 0;
		};
/* End PBXFrameworksBuildPhase section */

/* Begin PBXGroup section */
		11A1766C26E32C5C00DB2980 = {
			isa = PBXGroup;
			children = (
				11A1767726E32C5C00DB2980 /* MultipleCellLayout */,
				11A1767626E32C5C00DB2980 /* Products */,
			);
			sourceTree = "<group>";
		};
		11A1767626E32C5C00DB2980 /* Products */ = {
			isa = PBXGroup;
			children = (
				11A1767526E32C5C00DB2980 /* MultipleCellLayout.app */,
			);
			name = Products;
			sourceTree = "<group>";
		};
		11A1767726E32C5C00DB2980 /* MultipleCellLayout */ = {
			isa = PBXGroup;
			children = (
				11A1768D26E32C9A00DB2980 /* App */,
				11A176C026E3368400DB2980 /* Util */,
				11A1768F26E32CCB00DB2980 /* Scene */,
				11A1768E26E32CA300DB2980 /* Resources */,
			);
			path = MultipleCellLayout;
			sourceTree = "<group>";
		};
		11A1768D26E32C9A00DB2980 /* App */ = {
			isa = PBXGroup;
			children = (
				11A1767826E32C5C00DB2980 /* AppDelegate.swift */,
				11A1767A26E32C5C00DB2980 /* SceneDelegate.swift */,
			);
			path = App;
			sourceTree = "<group>";
		};
		11A1768E26E32CA300DB2980 /* Resources */ = {
			isa = PBXGroup;
			children = (
				11A176B026E3312100DB2980 /* Info.plist */,
				11A1768126E32C5E00DB2980 /* Assets.xcassets */,
				11A1768326E32C5E00DB2980 /* LaunchScreen.storyboard */,
			);
			path = Resources;
			sourceTree = "<group>";
		};
		11A1768F26E32CCB00DB2980 /* Scene */ = {
			isa = PBXGroup;
			children = (
				11A1772426E8D3C000DB2980 /* CollectionViewScene */,
			);
			path = Scene;
			sourceTree = "<group>";
		};
		11A176BF26E3367B00DB2980 /* Helper */ = {
			isa = PBXGroup;
			children = (
				11A176E726E3582200DB2980 /* SectionConfigurator */,
				11A176C326E33E0100DB2980 /* SelfSizingTableView.swift */,
			);
			path = Helper;
			sourceTree = "<group>";
		};
		11A176C026E3368400DB2980 /* Util */ = {
			isa = PBXGroup;
			children = (
				11A176C126E3368B00DB2980 /* Extension */,
				11A176BF26E3367B00DB2980 /* Helper */,
			);
			path = Util;
			sourceTree = "<group>";
		};
		11A176C126E3368B00DB2980 /* Extension */ = {
			isa = PBXGroup;
			children = (
				11A176D126E34A3200DB2980 /* UITableView+Extension.swift */,
				11A176D426E34A4B00DB2980 /* NSObject+Extension.swift */,
				11A1773226E8D63100DB2980 /* UICollectionView+Extension.swift */,
			);
			path = Extension;
			sourceTree = "<group>";
		};
		11A176E726E3582200DB2980 /* SectionConfigurator */ = {
			isa = PBXGroup;
			children = (
				11B397FD26F4B5540077E08A /* ConfiguratorViewModelType.swift */,
				11A1777026F23A0900DB2980 /* SectionConfigurator.swift */,
				11A1777326F23A2700DB2980 /* CellConfigurator.swift */,
				11A1777626F23A7E00DB2980 /* ReusableViewConfigurator.swift */,
			);
			path = SectionConfigurator;
			sourceTree = "<group>";
		};
		11A1772426E8D3C000DB2980 /* CollectionViewScene */ = {
			isa = PBXGroup;
			children = (
				11A1777926F23ABE00DB2980 /* Configurator */,
				11A1773A26E8D84A00DB2980 /* Model */,
				11B397FA26F4B4A00077E08A /* ViewModel */,
				11B397F926F4B49B0077E08A /* View */,
				11B397F826F4B4910077E08A /* ViewController */,
				11A1772F26E8D49200DB2980 /* CollectionConfigurator.swift */,
			);
			path = CollectionViewScene;
			sourceTree = "<group>";
		};
		11A1773A26E8D84A00DB2980 /* Model */ = {
			isa = PBXGroup;
			children = (
				11A176F326E3594B00DB2980 /* AccountModel.swift */,
			);
			path = Model;
			sourceTree = "<group>";
		};
		11A1773C26E8D88900DB2980 /* Cell */ = {
			isa = PBXGroup;
			children = (
				11A1774326E8D9B800DB2980 /* AccountCardCollectionViewCell.swift */,
				11A1774426E8D9B800DB2980 /* AccountCardCollectionViewCell.xib */,
				11A1773D26E8D89F00DB2980 /* HScrollAccountCardCollectionViewCell.swift */,
				11A1773E26E8D89F00DB2980 /* HScrollAccountCardCollectionViewCell.xib */,
				11A1775A26EC7FF800DB2980 /* TileCollectionViewCell.swift */,
				11A1775B26EC7FF800DB2980 /* TileCollectionViewCell.xib */,
				11A1776026EC8F1800DB2980 /* GridCollectionViewCell.swift */,
				11A1776126EC8F1800DB2980 /* GridCollectionViewCell.xib */,
				11B397F326F4B1EF0077E08A /* TileImageCollectionViewCell.swift */,
				11B397F426F4B1EF0077E08A /* TileImageCollectionViewCell.xib */,
			);
			path = Cell;
			sourceTree = "<group>";
		};
		11A1774C26E8E09F00DB2980 /* HeaderView */ = {
			isa = PBXGroup;
			children = (
				11A1774D26E8E16400DB2980 /* AccountHeaderCollectionReusableView.swift */,
				11A1774E26E8E16400DB2980 /* AccountHeaderCollectionReusableView.xib */,
			);
			path = HeaderView;
			sourceTree = "<group>";
		};
		11A1777926F23ABE00DB2980 /* Configurator */ = {
			isa = PBXGroup;
			children = (
				11B397DE26F4B0F00077E08A /* Section */,
				11B397E126F4B1140077E08A /* ReusableView */,
				11B397E026F4B1100077E08A /* Cell */,
			);
			path = Configurator;
			sourceTree = "<group>";
		};
		11B397DE26F4B0F00077E08A /* Section */ = {
			isa = PBXGroup;
			children = (
				11A1777A26F23AD300DB2980 /* AccountSectionConfigurator.swift */,
				11A1777E26F23B8000DB2980 /* TileSectionConfigurator.swift */,
				11A1778126F23BA600DB2980 /* GridSectionConfigurator.swift */,
			);
			path = Section;
			sourceTree = "<group>";
		};
		11B397E026F4B1100077E08A /* Cell */ = {
			isa = PBXGroup;
			children = (
				11B397E226F4B1500077E08A /* HScrollAccountCardCellConfigurator.swift */,
				11B397E626F4B1680077E08A /* TileCellConfigurator.swift */,
				11B397E926F4B1790077E08A /* TileImageCellConfigurator.swift */,
				11B397EC26F4B18B0077E08A /* GridCellConfigurator.swift */,
			);
			path = Cell;
			sourceTree = "<group>";
		};
		11B397E126F4B1140077E08A /* ReusableView */ = {
			isa = PBXGroup;
			children = (
				11B397F026F4B1AC0077E08A /* TitleHeaderReusableViewConfigurator.swift */,
			);
			path = ReusableView;
			sourceTree = "<group>";
		};
		11B397F826F4B4910077E08A /* ViewController */ = {
			isa = PBXGroup;
			children = (
				11A1772526E8D41000DB2980 /* CollectionViewController.swift */,
				11A1767E26E32C5C00DB2980 /* Main.storyboard */,
			);
			path = ViewController;
			sourceTree = "<group>";
		};
		11B397F926F4B49B0077E08A /* View */ = {
			isa = PBXGroup;
			children = (
				11A1774C26E8E09F00DB2980 /* HeaderView */,
				11A1773C26E8D88900DB2980 /* Cell */,
			);
			path = View;
			sourceTree = "<group>";
		};
		11B397FA26F4B4A00077E08A /* ViewModel */ = {
			isa = PBXGroup;
			children = (
				11A1772C26E8D47B00DB2980 /* CollectionViewModel.swift */,
			);
			path = ViewModel;
			sourceTree = "<group>";
		};
/* End PBXGroup section */

/* Begin PBXNativeTarget section */
		11A1767426E32C5C00DB2980 /* MultipleCellLayout */ = {
			isa = PBXNativeTarget;
			buildConfigurationList = 11A1768926E32C5E00DB2980 /* Build configuration list for PBXNativeTarget "MultipleCellLayout" */;
			buildPhases = (
				11A1767126E32C5C00DB2980 /* Sources */,
				11A1767226E32C5C00DB2980 /* Frameworks */,
				11A1767326E32C5C00DB2980 /* Resources */,
			);
			buildRules = (
			);
			dependencies = (
			);
			name = MultipleCellLayout;
			productName = MultipleCellLayout;
			productReference = 11A1767526E32C5C00DB2980 /* MultipleCellLayout.app */;
			productType = "com.apple.product-type.application";
		};
/* End PBXNativeTarget section */

/* Begin PBXProject section */
		11A1766D26E32C5C00DB2980 /* Project object */ = {
			isa = PBXProject;
			attributes = {
				LastSwiftUpdateCheck = 1230;
				LastUpgradeCheck = 1230;
				TargetAttributes = {
					11A1767426E32C5C00DB2980 = {
						CreatedOnToolsVersion = 12.3;
					};
				};
			};
			buildConfigurationList = 11A1767026E32C5C00DB2980 /* Build configuration list for PBXProject "MultipleCellLayout" */;
			compatibilityVersion = "Xcode 9.3";
			developmentRegion = en;
			hasScannedForEncodings = 0;
			knownRegions = (
				en,
				Base,
			);
			mainGroup = 11A1766C26E32C5C00DB2980;
			productRefGroup = 11A1767626E32C5C00DB2980 /* Products */;
			projectDirPath = "";
			projectRoot = "";
			targets = (
				11A1767426E32C5C00DB2980 /* MultipleCellLayout */,
			);
		};
/* End PBXProject section */

/* Begin PBXResourcesBuildPhase section */
		11A1767326E32C5C00DB2980 /* Resources */ = {
			isa = PBXResourcesBuildPhase;
			buildActionMask = 2147483647;
			files = (
				11A1775D26EC7FF800DB2980 /* TileCollectionViewCell.xib in Resources */,
				11A1775026E8E16400DB2980 /* AccountHeaderCollectionReusableView.xib in Resources */,
				11A1774626E8D9B800DB2980 /* AccountCardCollectionViewCell.xib in Resources */,
				11A1776326EC8F1800DB2980 /* GridCollectionViewCell.xib in Resources */,
				11B397F626F4B1EF0077E08A /* TileImageCollectionViewCell.xib in Resources */,
				11A1768526E32C5E00DB2980 /* LaunchScreen.storyboard in Resources */,
				11A1774026E8D89F00DB2980 /* HScrollAccountCardCollectionViewCell.xib in Resources */,
				11A1768226E32C5E00DB2980 /* Assets.xcassets in Resources */,
				11A1768026E32C5C00DB2980 /* Main.storyboard in Resources */,
			);
			runOnlyForDeploymentPostprocessing = 0;
		};
/* End PBXResourcesBuildPhase section */

/* Begin PBXSourcesBuildPhase section */
		11A1767126E32C5C00DB2980 /* Sources */ = {
			isa = PBXSourcesBuildPhase;
			buildActionMask = 2147483647;
			files = (
				11A1777B26F23AD300DB2980 /* AccountSectionConfigurator.swift in Sources */,
				11A1777726F23A7E00DB2980 /* ReusableViewConfigurator.swift in Sources */,
				11A1773326E8D63100DB2980 /* UICollectionView+Extension.swift in Sources */,
				11B397FE26F4B5540077E08A /* ConfiguratorViewModelType.swift in Sources */,
				11A1773026E8D49200DB2980 /* CollectionConfigurator.swift in Sources */,
				11A1773F26E8D89F00DB2980 /* HScrollAccountCardCollectionViewCell.swift in Sources */,
				11A176D226E34A3200DB2980 /* UITableView+Extension.swift in Sources */,
				11B397EA26F4B1790077E08A /* TileImageCellConfigurator.swift in Sources */,
				11A1767926E32C5C00DB2980 /* AppDelegate.swift in Sources */,
				11A176D526E34A4B00DB2980 /* NSObject+Extension.swift in Sources */,
				11B397F526F4B1EF0077E08A /* TileImageCollectionViewCell.swift in Sources */,
				11A1776226EC8F1800DB2980 /* GridCollectionViewCell.swift in Sources */,
				11A1772726E8D41000DB2980 /* CollectionViewController.swift in Sources */,
				11A176F426E3594B00DB2980 /* AccountModel.swift in Sources */,
				11A176C426E33E0100DB2980 /* SelfSizingTableView.swift in Sources */,
				11A1772D26E8D47B00DB2980 /* CollectionViewModel.swift in Sources */,
				11A1778226F23BA600DB2980 /* GridSectionConfigurator.swift in Sources */,
				11B397ED26F4B18B0077E08A /* GridCellConfigurator.swift in Sources */,
				11B397E326F4B1500077E08A /* HScrollAccountCardCellConfigurator.swift in Sources */,
				11A1774526E8D9B800DB2980 /* AccountCardCollectionViewCell.swift in Sources */,
				11A1777F26F23B8000DB2980 /* TileSectionConfigurator.swift in Sources */,
				11A1777126F23A0900DB2980 /* SectionConfigurator.swift in Sources */,
				11A1775C26EC7FF800DB2980 /* TileCollectionViewCell.swift in Sources */,
				11A1774F26E8E16400DB2980 /* AccountHeaderCollectionReusableView.swift in Sources */,
				11A1777426F23A2700DB2980 /* CellConfigurator.swift in Sources */,
				11B397E726F4B1680077E08A /* TileCellConfigurator.swift in Sources */,
				11B397F126F4B1AC0077E08A /* TitleHeaderReusableViewConfigurator.swift in Sources */,
				11A1767B26E32C5C00DB2980 /* SceneDelegate.swift in Sources */,
			);
			runOnlyForDeploymentPostprocessing = 0;
		};
/* End PBXSourcesBuildPhase section */

/* Begin PBXVariantGroup section */
		11A1767E26E32C5C00DB2980 /* Main.storyboard */ = {
			isa = PBXVariantGroup;
			children = (
				11A1767F26E32C5C00DB2980 /* Base */,
			);
			name = Main.storyboard;
			sourceTree = "<group>";
		};
		11A1768326E32C5E00DB2980 /* LaunchScreen.storyboard */ = {
			isa = PBXVariantGroup;
			children = (
				11A1768426E32C5E00DB2980 /* Base */,
			);
			name = LaunchScreen.storyboard;
			sourceTree = "<group>";
		};
/* End PBXVariantGroup section */

/* Begin XCBuildConfiguration section */
		11A1768726E32C5E00DB2980 /* Debug */ = {
			isa = XCBuildConfiguration;
			buildSettings = {
				ALWAYS_SEARCH_USER_PATHS = NO;
				CLANG_ANALYZER_NONNULL = YES;
				CLANG_ANALYZER_NUMBER_OBJECT_CONVERSION = YES_AGGRESSIVE;
				CLANG_CXX_LANGUAGE_STANDARD = "gnu++14";
				CLANG_CXX_LIBRARY = "libc++";
				CLANG_ENABLE_MODULES = YES;
				CLANG_ENABLE_OBJC_ARC = YES;
				CLANG_ENABLE_OBJC_WEAK = YES;
				CLANG_WARN_BLOCK_CAPTURE_AUTORELEASING = YES;
				CLANG_WARN_BOOL_CONVERSION = YES;
				CLANG_WARN_COMMA = YES;
				CLANG_WARN_CONSTANT_CONVERSION = YES;
				CLANG_WARN_DEPRECATED_OBJC_IMPLEMENTATIONS = YES;
				CLANG_WARN_DIRECT_OBJC_ISA_USAGE = YES_ERROR;
				CLANG_WARN_DOCUMENTATION_COMMENTS = YES;
				CLANG_WARN_EMPTY_BODY = YES;
				CLANG_WARN_ENUM_CONVERSION = YES;
				CLANG_WARN_INFINITE_RECURSION = YES;
				CLANG_WARN_INT_CONVERSION = YES;
				CLANG_WARN_NON_LITERAL_NULL_CONVERSION = YES;
				CLANG_WARN_OBJC_IMPLICIT_RETAIN_SELF = YES;
				CLANG_WARN_OBJC_LITERAL_CONVERSION = YES;
				CLANG_WARN_OBJC_ROOT_CLASS = YES_ERROR;
				CLANG_WARN_QUOTED_INCLUDE_IN_FRAMEWORK_HEADER = YES;
				CLANG_WARN_RANGE_LOOP_ANALYSIS = YES;
				CLANG_WARN_STRICT_PROTOTYPES = YES;
				CLANG_WARN_SUSPICIOUS_MOVE = YES;
				CLANG_WARN_UNGUARDED_AVAILABILITY = YES_AGGRESSIVE;
				CLANG_WARN_UNREACHABLE_CODE = YES;
				CLANG_WARN__DUPLICATE_METHOD_MATCH = YES;
				COPY_PHASE_STRIP = NO;
				DEBUG_INFORMATION_FORMAT = dwarf;
				ENABLE_STRICT_OBJC_MSGSEND = YES;
				ENABLE_TESTABILITY = YES;
				GCC_C_LANGUAGE_STANDARD = gnu11;
				GCC_DYNAMIC_NO_PIC = NO;
				GCC_NO_COMMON_BLOCKS = YES;
				GCC_OPTIMIZATION_LEVEL = 0;
				GCC_PREPROCESSOR_DEFINITIONS = (
					"DEBUG=1",
					"$(inherited)",
				);
				GCC_WARN_64_TO_32_BIT_CONVERSION = YES;
				GCC_WARN_ABOUT_RETURN_TYPE = YES_ERROR;
				GCC_WARN_UNDECLARED_SELECTOR = YES;
				GCC_WARN_UNINITIALIZED_AUTOS = YES_AGGRESSIVE;
				GCC_WARN_UNUSED_FUNCTION = YES;
				GCC_WARN_UNUSED_VARIABLE = YES;
				IPHONEOS_DEPLOYMENT_TARGET = 14.3;
				MTL_ENABLE_DEBUG_INFO = INCLUDE_SOURCE;
				MTL_FAST_MATH = YES;
				ONLY_ACTIVE_ARCH = YES;
				SDKROOT = iphoneos;
				SWIFT_ACTIVE_COMPILATION_CONDITIONS = DEBUG;
				SWIFT_OPTIMIZATION_LEVEL = "-Onone";
			};
			name = Debug;
		};
		11A1768826E32C5E00DB2980 /* Release */ = {
			isa = XCBuildConfiguration;
			buildSettings = {
				ALWAYS_SEARCH_USER_PATHS = NO;
				CLANG_ANALYZER_NONNULL = YES;
				CLANG_ANALYZER_NUMBER_OBJECT_CONVERSION = YES_AGGRESSIVE;
				CLANG_CXX_LANGUAGE_STANDARD = "gnu++14";
				CLANG_CXX_LIBRARY = "libc++";
				CLANG_ENABLE_MODULES = YES;
				CLANG_ENABLE_OBJC_ARC = YES;
				CLANG_ENABLE_OBJC_WEAK = YES;
				CLANG_WARN_BLOCK_CAPTURE_AUTORELEASING = YES;
				CLANG_WARN_BOOL_CONVERSION = YES;
				CLANG_WARN_COMMA = YES;
				CLANG_WARN_CONSTANT_CONVERSION = YES;
				CLANG_WARN_DEPRECATED_OBJC_IMPLEMENTATIONS = YES;
				CLANG_WARN_DIRECT_OBJC_ISA_USAGE = YES_ERROR;
				CLANG_WARN_DOCUMENTATION_COMMENTS = YES;
				CLANG_WARN_EMPTY_BODY = YES;
				CLANG_WARN_ENUM_CONVERSION = YES;
				CLANG_WARN_INFINITE_RECURSION = YES;
				CLANG_WARN_INT_CONVERSION = YES;
				CLANG_WARN_NON_LITERAL_NULL_CONVERSION = YES;
				CLANG_WARN_OBJC_IMPLICIT_RETAIN_SELF = YES;
				CLANG_WARN_OBJC_LITERAL_CONVERSION = YES;
				CLANG_WARN_OBJC_ROOT_CLASS = YES_ERROR;
				CLANG_WARN_QUOTED_INCLUDE_IN_FRAMEWORK_HEADER = YES;
				CLANG_WARN_RANGE_LOOP_ANALYSIS = YES;
				CLANG_WARN_STRICT_PROTOTYPES = YES;
				CLANG_WARN_SUSPICIOUS_MOVE = YES;
				CLANG_WARN_UNGUARDED_AVAILABILITY = YES_AGGRESSIVE;
				CLANG_WARN_UNREACHABLE_CODE = YES;
				CLANG_WARN__DUPLICATE_METHOD_MATCH = YES;
				COPY_PHASE_STRIP = NO;
				DEBUG_INFORMATION_FORMAT = "dwarf-with-dsym";
				ENABLE_NS_ASSERTIONS = NO;
				ENABLE_STRICT_OBJC_MSGSEND = YES;
				GCC_C_LANGUAGE_STANDARD = gnu11;
				GCC_NO_COMMON_BLOCKS = YES;
				GCC_WARN_64_TO_32_BIT_CONVERSION = YES;
				GCC_WARN_ABOUT_RETURN_TYPE = YES_ERROR;
				GCC_WARN_UNDECLARED_SELECTOR = YES;
				GCC_WARN_UNINITIALIZED_AUTOS = YES_AGGRESSIVE;
				GCC_WARN_UNUSED_FUNCTION = YES;
				GCC_WARN_UNUSED_VARIABLE = YES;
				IPHONEOS_DEPLOYMENT_TARGET = 14.3;
				MTL_ENABLE_DEBUG_INFO = NO;
				MTL_FAST_MATH = YES;
				SDKROOT = iphoneos;
				SWIFT_COMPILATION_MODE = wholemodule;
				SWIFT_OPTIMIZATION_LEVEL = "-O";
				VALIDATE_PRODUCT = YES;
			};
			name = Release;
		};
		11A1768A26E32C5E00DB2980 /* Debug */ = {
			isa = XCBuildConfiguration;
			buildSettings = {
				ASSETCATALOG_COMPILER_APPICON_NAME = AppIcon;
				ASSETCATALOG_COMPILER_GLOBAL_ACCENT_COLOR_NAME = AccentColor;
				CODE_SIGN_STYLE = Automatic;
				INFOPLIST_FILE = MultipleCellLayout/Resources/Info.plist;
				IPHONEOS_DEPLOYMENT_TARGET = 13.0;
				LD_RUNPATH_SEARCH_PATHS = (
					"$(inherited)",
					"@executable_path/Frameworks",
				);
				PRODUCT_BUNDLE_IDENTIFIER = com.dev.MultipleCellLayout;
				PRODUCT_NAME = "$(TARGET_NAME)";
				SWIFT_VERSION = 5.0;
				TARGETED_DEVICE_FAMILY = 1;
			};
			name = Debug;
		};
		11A1768B26E32C5E00DB2980 /* Release */ = {
			isa = XCBuildConfiguration;
			buildSettings = {
				ASSETCATALOG_COMPILER_APPICON_NAME = AppIcon;
				ASSETCATALOG_COMPILER_GLOBAL_ACCENT_COLOR_NAME = AccentColor;
				CODE_SIGN_STYLE = Automatic;
				INFOPLIST_FILE = MultipleCellLayout/Resources/Info.plist;
				IPHONEOS_DEPLOYMENT_TARGET = 13.0;
				LD_RUNPATH_SEARCH_PATHS = (
					"$(inherited)",
					"@executable_path/Frameworks",
				);
				PRODUCT_BUNDLE_IDENTIFIER = com.dev.MultipleCellLayout;
				PRODUCT_NAME = "$(TARGET_NAME)";
				SWIFT_VERSION = 5.0;
				TARGETED_DEVICE_FAMILY = 1;
			};
			name = Release;
		};
/* End XCBuildConfiguration section */

/* Begin XCConfigurationList section */
		11A1767026E32C5C00DB2980 /* Build configuration list for PBXProject "MultipleCellLayout" */ = {
			isa = XCConfigurationList;
			buildConfigurations = (
				11A1768726E32C5E00DB2980 /* Debug */,
				11A1768826E32C5E00DB2980 /* Release */,
			);
			defaultConfigurationIsVisible = 0;
			defaultConfigurationName = Release;
		};
		11A1768926E32C5E00DB2980 /* Build configuration list for PBXNativeTarget "MultipleCellLayout" */ = {
			isa = XCConfigurationList;
			buildConfigurations = (
				11A1768A26E32C5E00DB2980 /* Debug */,
				11A1768B26E32C5E00DB2980 /* Release */,
			);
			defaultConfigurationIsVisible = 0;
			defaultConfigurationName = Release;
		};
/* End XCConfigurationList section */
	};
	rootObject = 11A1766D26E32C5C00DB2980 /* Project object */;
}
